
Microsoft Visual Studio Solution File, Format Version 12.00
Project("{FAE04EC0-301F-11D3-BF4B-00C04F79EFBC}") = "Producer", "Producer\Producer.csproj", "{4F6D6931-D8E6-43CF-8804-7F60B2135E4F}"
EndProject
Project("{FAE04EC0-301F-11D3-BF4B-00C04F79EFBC}") = "Consumer", "Consumer\Consumer.csproj", "{628DDE50-9F3F-4A4D-84A6-4BD7CE014EDA}"
EndProject
Project("{2150E333-8FDC-42A3-9474-1A3956D46DE8}") = "SimpleScenario", "SimpleScenario", "{CB7529FA-1558-42AC-818D-0D97520F55E6}"
EndProject
Project("{2150E333-8FDC-42A3-9474-1A3956D46DE8}") = "Work", "Work", "{E9262A8E-DB56-42F4-A042-C9BBCF7BDC1E}"
EndProject
Project("{FAE04EC0-301F-11D3-BF4B-00C04F79EFBC}") = "WorkQueues.Worker", "WorkQueues.Worker\WorkQueues.Worker.csproj", "{9206FB11-DCE3-4E1F-8CDC-B7E9ECD49353}"
EndProject
Project("{FAE04EC0-301F-11D3-BF4B-00C04F79EFBC}") = "WorkQueues.Producer", "WorkQueues.Producer\WorkQueues.Producer.csproj", "{686C049B-3905-411D-BF3C-F8954B0C809A}"
EndProject
Project("{2150E333-8FDC-42A3-9474-1A3956D46DE8}") = "PubSub", "PubSub", "{B6A52525-8659-4869-9D48-F9A998F40A11}"
EndProject
Project("{FAE04EC0-301F-11D3-BF4B-00C04F79EFBC}") = "Exchange.Producer", "Exchange.Producer\Exchange.Producer.csproj", "{96F48AE9-2A17-49D3-A257-CD5ABAA0863D}"
EndProject
Project("{FAE04EC0-301F-11D3-BF4B-00C04F79EFBC}") = "Exchange.Consumer", "Exchange.Consumer\Exchange.Consumer.csproj", "{CD501CA9-B08E-419A-B240-C6754718178B}"
EndProject
Global
	GlobalSection(SolutionConfigurationPlatforms) = preSolution
		Debug|Any CPU = Debug|Any CPU
		Release|Any CPU = Release|Any CPU
	EndGlobalSection
	GlobalSection(ProjectConfigurationPlatforms) = postSolution
		{4F6D6931-D8E6-43CF-8804-7F60B2135E4F}.Debug|Any CPU.ActiveCfg = Debug|Any CPU
		{4F6D6931-D8E6-43CF-8804-7F60B2135E4F}.Debug|Any CPU.Build.0 = Debug|Any CPU
		{4F6D6931-D8E6-43CF-8804-7F60B2135E4F}.Release|Any CPU.ActiveCfg = Release|Any CPU
		{4F6D6931-D8E6-43CF-8804-7F60B2135E4F}.Release|Any CPU.Build.0 = Release|Any CPU
		{628DDE50-9F3F-4A4D-84A6-4BD7CE014EDA}.Debug|Any CPU.ActiveCfg = Debug|Any CPU
		{628DDE50-9F3F-4A4D-84A6-4BD7CE014EDA}.Debug|Any CPU.Build.0 = Debug|Any CPU
		{628DDE50-9F3F-4A4D-84A6-4BD7CE014EDA}.Release|Any CPU.ActiveCfg = Release|Any CPU
		{628DDE50-9F3F-4A4D-84A6-4BD7CE014EDA}.Release|Any CPU.Build.0 = Release|Any CPU
		{9206FB11-DCE3-4E1F-8CDC-B7E9ECD49353}.Debug|Any CPU.ActiveCfg = Debug|Any CPU
		{9206FB11-DCE3-4E1F-8CDC-B7E9ECD49353}.Debug|Any CPU.Build.0 = Debug|Any CPU
		{9206FB11-DCE3-4E1F-8CDC-B7E9ECD49353}.Release|Any CPU.ActiveCfg = Release|Any CPU
		{9206FB11-DCE3-4E1F-8CDC-B7E9ECD49353}.Release|Any CPU.Build.0 = Release|Any CPU
		{686C049B-3905-411D-BF3C-F8954B0C809A}.Debug|Any CPU.ActiveCfg = Debug|Any CPU
		{686C049B-3905-411D-BF3C-F8954B0C809A}.Debug|Any CPU.Build.0 = Debug|Any CPU
		{686C049B-3905-411D-BF3C-F8954B0C809A}.Release|Any CPU.ActiveCfg = Release|Any CPU
		{686C049B-3905-411D-BF3C-F8954B0C809A}.Release|Any CPU.Build.0 = Release|Any CPU
		{96F48AE9-2A17-49D3-A257-CD5ABAA0863D}.Debug|Any CPU.ActiveCfg = Debug|Any CPU
		{96F48AE9-2A17-49D3-A257-CD5ABAA0863D}.Debug|Any CPU.Build.0 = Debug|Any CPU
		{96F48AE9-2A17-49D3-A257-CD5ABAA0863D}.Release|Any CPU.ActiveCfg = Release|Any CPU
		{96F48AE9-2A17-49D3-A257-CD5ABAA0863D}.Release|Any CPU.Build.0 = Release|Any CPU
		{CD501CA9-B08E-419A-B240-C6754718178B}.Debug|Any CPU.ActiveCfg = Debug|Any CPU
		{CD501CA9-B08E-419A-B240-C6754718178B}.Debug|Any CPU.Build.0 = Debug|Any CPU
		{CD501CA9-B08E-419A-B240-C6754718178B}.Release|Any CPU.ActiveCfg = Release|Any CPU
		{CD501CA9-B08E-419A-B240-C6754718178B}.Release|Any CPU.Build.0 = Release|Any CPU
	EndGlobalSection
	GlobalSection(NestedProjects) = preSolution
		{628DDE50-9F3F-4A4D-84A6-4BD7CE014EDA} = {CB7529FA-1558-42AC-818D-0D97520F55E6}
		{4F6D6931-D8E6-43CF-8804-7F60B2135E4F} = {CB7529FA-1558-42AC-818D-0D97520F55E6}
		{9206FB11-DCE3-4E1F-8CDC-B7E9ECD49353} = {E9262A8E-DB56-42F4-A042-C9BBCF7BDC1E}
		{686C049B-3905-411D-BF3C-F8954B0C809A} = {E9262A8E-DB56-42F4-A042-C9BBCF7BDC1E}
		{96F48AE9-2A17-49D3-A257-CD5ABAA0863D} = {B6A52525-8659-4869-9D48-F9A998F40A11}
		{CD501CA9-B08E-419A-B240-C6754718178B} = {B6A52525-8659-4869-9D48-F9A998F40A11}
	EndGlobalSection
EndGlobal
